
Microsoft Visual Studio Solution File, Format Version 12.00
# Visual Studio Version 17
VisualStudioVersion = 17.7.34221.43
MinimumVisualStudioVersion = 10.0.40219.1
Project("{8BC9CEB8-8B4A-11D0-8D11-00A0C91BC942}") = "fluid-win", "fluid-win.vcxproj", "{4BF6D65F-AD8C-4DCF-82CB-4818F2BEEB1C}"
EndProject
Global
	GlobalSection(SolutionConfigurationPlatforms) = preSolution
		Debug|x64 = Debug|x64
		Release|x64 = Release|x64
	EndGlobalSection
	GlobalSection(ProjectConfigurationPlatforms) = postSolution
		{4BF6D65F-AD8C-4DCF-82CB-4818F2BEEB1C}.Debug|x64.ActiveCfg = Debug|x64
		{4BF6D65F-AD8C-4DCF-82CB-4818F2BEEB1C}.Debug|x64.Build.0 = Debug|x64
		{4BF6D65F-AD8C-4DCF-82CB-4818F2BEEB1C}.Release|x64.ActiveCfg = Release|x64
		{4BF6D65F-AD8C-4DCF-82CB-4818F2BEEB1C}.Release|x64.Build.0 = Release|x64
	EndGlobalSection
	GlobalSection(SolutionProperties) = preSolution
		HideSolutionNode = FALSE
	EndGlobalSection
	GlobalSection(ExtensibilityGlobals) = postSolution
		SolutionGuid = {179F60D1-7059-42F1-878D-2624ECECA912}
	EndGlobalSection
EndGlobal
